// !$*UTF8*$!
{
	archiveVersion = 1;
	classes = {
	};
	objectVersion = 50;
	objects = {

/* Begin PBXBuildFile section */
		FC68D56725CB20F700214E0F /* SwiftUIStudiesApp.swift in Sources */ = {isa = PBXBuildFile; fileRef = FC68D56625CB20F700214E0F /* SwiftUIStudiesApp.swift */; };
		FC68D56925CB20F700214E0F /* ContentView.swift in Sources */ = {isa = PBXBuildFile; fileRef = FC68D56825CB20F700214E0F /* ContentView.swift */; };
		FC68D56B25CB20F800214E0F /* Assets.xcassets in Resources */ = {isa = PBXBuildFile; fileRef = FC68D56A25CB20F800214E0F /* Assets.xcassets */; };
		FC68D56E25CB20F800214E0F /* Preview Assets.xcassets in Resources */ = {isa = PBXBuildFile; fileRef = FC68D56D25CB20F800214E0F /* Preview Assets.xcassets */; };
		FC68D57925CB2F8F00214E0F /* Kotlin.swift in Sources */ = {isa = PBXBuildFile; fileRef = FC68D57825CB2F8F00214E0F /* Kotlin.swift */; };
		FC68D58525CB30B300214E0F /* Porygon.swift in Sources */ = {isa = PBXBuildFile; fileRef = FC68D58425CB30B300214E0F /* Porygon.swift */; };
/* End PBXBuildFile section */

/* Begin PBXFileReference section */
		FC68D56325CB20F700214E0F /* SwiftUIStudies.app */ = {isa = PBXFileReference; explicitFileType = wrapper.application; includeInIndex = 0; path = SwiftUIStudies.app; sourceTree = BUILT_PRODUCTS_DIR; };
		FC68D56625CB20F700214E0F /* SwiftUIStudiesApp.swift */ = {isa = PBXFileReference; lastKnownFileType = sourcecode.swift; path = SwiftUIStudiesApp.swift; sourceTree = "<group>"; };
		FC68D56825CB20F700214E0F /* ContentView.swift */ = {isa = PBXFileReference; lastKnownFileType = sourcecode.swift; path = ContentView.swift; sourceTree = "<group>"; };
		FC68D56A25CB20F800214E0F /* Assets.xcassets */ = {isa = PBXFileReference; lastKnownFileType = folder.assetcatalog; path = Assets.xcassets; sourceTree = "<group>"; };
		FC68D56D25CB20F800214E0F /* Preview Assets.xcassets */ = {isa = PBXFileReference; lastKnownFileType = folder.assetcatalog; path = "Preview Assets.xcassets"; sourceTree = "<group>"; };
		FC68D56F25CB20F800214E0F /* Info.plist */ = {isa = PBXFileReference; lastKnownFileType = text.plist.xml; path = Info.plist; sourceTree = "<group>"; };
		FC68D57825CB2F8F00214E0F /* Kotlin.swift */ = {isa = PBXFileReference; lastKnownFileType = sourcecode.swift; path = Kotlin.swift; sourceTree = "<group>"; };
		FC68D58425CB30B300214E0F /* Porygon.swift */ = {isa = PBXFileReference; lastKnownFileType = sourcecode.swift; path = Porygon.swift; sourceTree = "<group>"; };
/* End PBXFileReference section */

/* Begin PBXFrameworksBuildPhase section */
		FC68D56025CB20F700214E0F /* Frameworks */ = {
			isa = PBXFrameworksBuildPhase;
			buildActionMask = 2147483647;
			files = (
			);
			runOnlyForDeploymentPostprocessing = 0;
		};
/* End PBXFrameworksBuildPhase section */

/* Begin PBXGroup section */
		FC68D55A25CB20F700214E0F = {
			isa = PBXGroup;
			children = (
				FC68D56525CB20F700214E0F /* SwiftUIStudies */,
				FC68D56425CB20F700214E0F /* Products */,
			);
			sourceTree = "<group>";
		};
		FC68D56425CB20F700214E0F /* Products */ = {
			isa = PBXGroup;
			children = (
				FC68D56325CB20F700214E0F /* SwiftUIStudies.app */,
			);
			name = Products;
			sourceTree = "<group>";
		};
		FC68D56525CB20F700214E0F /* SwiftUIStudies */ = {
			isa = PBXGroup;
			children = (
				FC68D57B25CB307F00214E0F /* Views */,
				FC68D56625CB20F700214E0F /* SwiftUIStudiesApp.swift */,
				FC68D56825CB20F700214E0F /* ContentView.swift */,
				FC68D56A25CB20F800214E0F /* Assets.xcassets */,
				FC68D56F25CB20F800214E0F /* Info.plist */,
				FC68D56C25CB20F800214E0F /* Preview Content */,
			);
			path = SwiftUIStudies;
			sourceTree = "<group>";
		};
		FC68D56C25CB20F800214E0F /* Preview Content */ = {
			isa = PBXGroup;
			children = (
				FC68D56D25CB20F800214E0F /* Preview Assets.xcassets */,
			);
			path = "Preview Content";
			sourceTree = "<group>";
		};
		FC68D57B25CB307F00214E0F /* Views */ = {
			isa = PBXGroup;
			children = (
				FC68D57825CB2F8F00214E0F /* Kotlin.swift */,
				FC68D58425CB30B300214E0F /* Porygon.swift */,
			);
			path = Views;
			sourceTree = "<group>";
		};
/* End PBXGroup section */

/* Begin PBXNativeTarget section */
		FC68D56225CB20F700214E0F /* SwiftUIStudies */ = {
			isa = PBXNativeTarget;
			buildConfigurationList = FC68D57225CB20F800214E0F /* Build configuration list for PBXNativeTarget "SwiftUIStudies" */;
			buildPhases = (
				FC68D55F25CB20F700214E0F /* Sources */,
				FC68D56025CB20F700214E0F /* Frameworks */,
				FC68D56125CB20F700214E0F /* Resources */,
			);
			buildRules = (
			);
			dependencies = (
			);
			name = SwiftUIStudies;
			productName = SwiftUIStudies;
			productReference = FC68D56325CB20F700214E0F /* SwiftUIStudies.app */;
			productType = "com.apple.product-type.application";
		};
/* End PBXNativeTarget section */

/* Begin PBXProject section */
		FC68D55B25CB20F700214E0F /* Project object */ = {
			isa = PBXProject;
			attributes = {
				LastSwiftUpdateCheck = 1240;
				LastUpgradeCheck = 1240;
				TargetAttributes = {
					FC68D56225CB20F700214E0F = {
						CreatedOnToolsVersion = 12.4;
					};
				};
			};
			buildConfigurationList = FC68D55E25CB20F700214E0F /* Build configuration list for PBXProject "SwiftUIStudies" */;
			compatibilityVersion = "Xcode 9.3";
			developmentRegion = en;
			hasScannedForEncodings = 0;
			knownRegions = (
				en,
				Base,
			);
			mainGroup = FC68D55A25CB20F700214E0F;
			productRefGroup = FC68D56425CB20F700214E0F /* Products */;
			projectDirPath = "";
			projectRoot = "";
			targets = (
				FC68D56225CB20F700214E0F /* SwiftUIStudies */,
			);
		};
/* End PBXProject section */

/* Begin PBXResourcesBuildPhase section */
		FC68D56125CB20F700214E0F /* Resources */ = {
			isa = PBXResourcesBuildPhase;
			buildActionMask = 2147483647;
			files = (
				FC68D56E25CB20F800214E0F /* Preview Assets.xcassets in Resources */,
				FC68D56B25CB20F800214E0F /* Assets.xcassets in Resources */,
			);
			runOnlyForDeploymentPostprocessing = 0;
		};
/* End PBXResourcesBuildPhase section */

/* Begin PBXSourcesBuildPhase section */
		FC68D55F25CB20F700214E0F /* Sources */ = {
			isa = PBXSourcesBuildPhase;
			buildActionMask = 2147483647;
			files = (
				FC68D58525CB30B300214E0F /* Porygon.swift in Sources */,
				FC68D56925CB20F700214E0F /* ContentView.swift in Sources */,
				FC68D56725CB20F700214E0F /* SwiftUIStudiesApp.swift in Sources */,
				FC68D57925CB2F8F00214E0F /* Kotlin.swift in Sources */,
			);
			runOnlyForDeploymentPostprocessing = 0;
		};
/* End PBXSourcesBuildPhase section */

/* Begin XCBuildConfiguration section */
		FC68D57025CB20F800214E0F /* Debug */ = {
			isa = XCBuildConfiguration;
			buildSettings = {
				ALWAYS_SEARCH_USER_PATHS = NO;
				CLANG_ANALYZER_NONNULL = YES;
				CLANG_ANALYZER_NUMBER_OBJECT_CONVERSION = YES_AGGRESSIVE;
				CLANG_CXX_LANGUAGE_STANDARD = "gnu++14";
				CLANG_CXX_LIBRARY = "libc++";
				CLANG_ENABLE_MODULES = YES;
				CLANG_ENABLE_OBJC_ARC = YES;
				CLANG_ENABLE_OBJC_WEAK = YES;
				CLANG_WARN_BLOCK_CAPTURE_AUTORELEASING = YES;
				CLANG_WARN_BOOL_CONVERSION = YES;
				CLANG_WARN_COMMA = YES;
				CLANG_WARN_CONSTANT_CONVERSION = YES;
				CLANG_WARN_DEPRECATED_OBJC_IMPLEMENTATIONS = YES;
				CLANG_WARN_DIRECT_OBJC_ISA_USAGE = YES_ERROR;
				CLANG_WARN_DOCUMENTATION_COMMENTS = YES;
				CLANG_WARN_EMPTY_BODY = YES;
				CLANG_WARN_ENUM_CONVERSION = YES;
				CLANG_WARN_INFINITE_RECURSION = YES;
				CLANG_WARN_INT_CONVERSION = YES;
				CLANG_WARN_NON_LITERAL_NULL_CONVERSION = YES;
				CLANG_WARN_OBJC_IMPLICIT_RETAIN_SELF = YES;
				CLANG_WARN_OBJC_LITERAL_CONVERSION = YES;
				CLANG_WARN_OBJC_ROOT_CLASS = YES_ERROR;
				CLANG_WARN_QUOTED_INCLUDE_IN_FRAMEWORK_HEADER = YES;
				CLANG_WARN_RANGE_LOOP_ANALYSIS = YES;
				CLANG_WARN_STRICT_PROTOTYPES = YES;
				CLANG_WARN_SUSPICIOUS_MOVE = YES;
				CLANG_WARN_UNGUARDED_AVAILABILITY = YES_AGGRESSIVE;
				CLANG_WARN_UNREACHABLE_CODE = YES;
				CLANG_WARN__DUPLICATE_METHOD_MATCH = YES;
				COPY_PHASE_STRIP = NO;
				DEBUG_INFORMATION_FORMAT = dwarf;
				ENABLE_STRICT_OBJC_MSGSEND = YES;
				ENABLE_TESTABILITY = YES;
				GCC_C_LANGUAGE_STANDARD = gnu11;
				GCC_DYNAMIC_NO_PIC = NO;
				GCC_NO_COMMON_BLOCKS = YES;
				GCC_OPTIMIZATION_LEVEL = 0;
				GCC_PREPROCESSOR_DEFINITIONS = (
					"DEBUG=1",
					"$(inherited)",
				);
				GCC_WARN_64_TO_32_BIT_CONVERSION = YES;
				GCC_WARN_ABOUT_RETURN_TYPE = YES_ERROR;
				GCC_WARN_UNDECLARED_SELECTOR = YES;
				GCC_WARN_UNINITIALIZED_AUTOS = YES_AGGRESSIVE;
				GCC_WARN_UNUSED_FUNCTION = YES;
				GCC_WARN_UNUSED_VARIABLE = YES;
				IPHONEOS_DEPLOYMENT_TARGET = 14.4;
				MTL_ENABLE_DEBUG_INFO = INCLUDE_SOURCE;
				MTL_FAST_MATH = YES;
				ONLY_ACTIVE_ARCH = YES;
				SDKROOT = iphoneos;
				SWIFT_ACTIVE_COMPILATION_CONDITIONS = DEBUG;
				SWIFT_OPTIMIZATION_LEVEL = "-Onone";
			};
			name = Debug;
		};
		FC68D57125CB20F800214E0F /* Release */ = {
			isa = XCBuildConfiguration;
			buildSettings = {
				ALWAYS_SEARCH_USER_PATHS = NO;
				CLANG_ANALYZER_NONNULL = YES;
				CLANG_ANALYZER_NUMBER_OBJECT_CONVERSION = YES_AGGRESSIVE;
				CLANG_CXX_LANGUAGE_STANDARD = "gnu++14";
				CLANG_CXX_LIBRARY = "libc++";
				CLANG_ENABLE_MODULES = YES;
				CLANG_ENABLE_OBJC_ARC = YES;
				CLANG_ENABLE_OBJC_WEAK = YES;
				CLANG_WARN_BLOCK_CAPTURE_AUTORELEASING = YES;
				CLANG_WARN_BOOL_CONVERSION = YES;
				CLANG_WARN_COMMA = YES;
				CLANG_WARN_CONSTANT_CONVERSION = YES;
				CLANG_WARN_DEPRECATED_OBJC_IMPLEMENTATIONS = YES;
				CLANG_WARN_DIRECT_OBJC_ISA_USAGE = YES_ERROR;
				CLANG_WARN_DOCUMENTATION_COMMENTS = YES;
				CLANG_WARN_EMPTY_BODY = YES;
				CLANG_WARN_ENUM_CONVERSION = YES;
				CLANG_WARN_INFINITE_RECURSION = YES;
				CLANG_WARN_INT_CONVERSION = YES;
				CLANG_WARN_NON_LITERAL_NULL_CONVERSION = YES;
				CLANG_WARN_OBJC_IMPLICIT_RETAIN_SELF = YES;
				CLANG_WARN_OBJC_LITERAL_CONVERSION = YES;
				CLANG_WARN_OBJC_ROOT_CLASS = YES_ERROR;
				CLANG_WARN_QUOTED_INCLUDE_IN_FRAMEWORK_HEADER = YES;
				CLANG_WARN_RANGE_LOOP_ANALYSIS = YES;
				CLANG_WARN_STRICT_PROTOTYPES = YES;
				CLANG_WARN_SUSPICIOUS_MOVE = YES;
				CLANG_WARN_UNGUARDED_AVAILABILITY = YES_AGGRESSIVE;
				CLANG_WARN_UNREACHABLE_CODE = YES;
				CLANG_WARN__DUPLICATE_METHOD_MATCH = YES;
				COPY_PHASE_STRIP = NO;
				DEBUG_INFORMATION_FORMAT = "dwarf-with-dsym";
				ENABLE_NS_ASSERTIONS = NO;
				ENABLE_STRICT_OBJC_MSGSEND = YES;
				GCC_C_LANGUAGE_STANDARD = gnu11;
				GCC_NO_COMMON_BLOCKS = YES;
				GCC_WARN_64_TO_32_BIT_CONVERSION = YES;
				GCC_WARN_ABOUT_RETURN_TYPE = YES_ERROR;
				GCC_WARN_UNDECLARED_SELECTOR = YES;
				GCC_WARN_UNINITIALIZED_AUTOS = YES_AGGRESSIVE;
				GCC_WARN_UNUSED_FUNCTION = YES;
				GCC_WARN_UNUSED_VARIABLE = YES;
				IPHONEOS_DEPLOYMENT_TARGET = 14.4;
				MTL_ENABLE_DEBUG_INFO = NO;
				MTL_FAST_MATH = YES;
				SDKROOT = iphoneos;
				SWIFT_COMPILATION_MODE = wholemodule;
				SWIFT_OPTIMIZATION_LEVEL = "-O";
				VALIDATE_PRODUCT = YES;
			};
			name = Release;
		};
		FC68D57325CB20F800214E0F /* Debug */ = {
			isa = XCBuildConfiguration;
			buildSettings = {
				ASSETCATALOG_COMPILER_APPICON_NAME = AppIcon;
				ASSETCATALOG_COMPILER_GLOBAL_ACCENT_COLOR_NAME = AccentColor;
				CODE_SIGN_STYLE = Automatic;
				DEVELOPMENT_ASSET_PATHS = "\"SwiftUIStudies/Preview Content\"";
				DEVELOPMENT_TEAM = 7Q7P4QSJ2J;
				ENABLE_PREVIEWS = YES;
				INFOPLIST_FILE = SwiftUIStudies/Info.plist;
				IPHONEOS_DEPLOYMENT_TARGET = 14.0;
				LD_RUNPATH_SEARCH_PATHS = (
					"$(inherited)",
					"@executable_path/Frameworks",
				);
				PRODUCT_BUNDLE_IDENTIFIER = com.matheustorresii.SwiftUIStudies;
				PRODUCT_NAME = "$(TARGET_NAME)";
				SWIFT_VERSION = 5.0;
				TARGETED_DEVICE_FAMILY = "1,2";
			};
			name = Debug;
		};
		FC68D57425CB20F800214E0F /* Release */ = {
			isa = XCBuildConfiguration;
			buildSettings = {
				ASSETCATALOG_COMPILER_APPICON_NAME = AppIcon;
				ASSETCATALOG_COMPILER_GLOBAL_ACCENT_COLOR_NAME = AccentColor;
				CODE_SIGN_STYLE = Automatic;
				DEVELOPMENT_ASSET_PATHS = "\"SwiftUIStudies/Preview Content\"";
				DEVELOPMENT_TEAM = 7Q7P4QSJ2J;
				ENABLE_PREVIEWS = YES;
				INFOPLIST_FILE = SwiftUIStudies/Info.plist;
				IPHONEOS_DEPLOYMENT_TARGET = 14.0;
				LD_RUNPATH_SEARCH_PATHS = (
					"$(inherited)",
					"@executable_path/Frameworks",
				);
				PRODUCT_BUNDLE_IDENTIFIER = com.matheustorresii.SwiftUIStudies;
				PRODUCT_NAME = "$(TARGET_NAME)";
				SWIFT_VERSION = 5.0;
				TARGETED_DEVICE_FAMILY = "1,2";
			};
			name = Release;
		};
/* End XCBuildConfiguration section */

/* Begin XCConfigurationList section */
		FC68D55E25CB20F700214E0F /* Build configuration list for PBXProject "SwiftUIStudies" */ = {
			isa = XCConfigurationList;
			buildConfigurations = (
				FC68D57025CB20F800214E0F /* Debug */,
				FC68D57125CB20F800214E0F /* Release */,
			);
			defaultConfigurationIsVisible = 0;
			defaultConfigurationName = Release;
		};
		FC68D57225CB20F800214E0F /* Build configuration list for PBXNativeTarget "SwiftUIStudies" */ = {
			isa = XCConfigurationList;
			buildConfigurations = (
				FC68D57325CB20F800214E0F /* Debug */,
				FC68D57425CB20F800214E0F /* Release */,
			);
			defaultConfigurationIsVisible = 0;
			defaultConfigurationName = Release;
		};
/* End XCConfigurationList section */
	};
	rootObject = FC68D55B25CB20F700214E0F /* Project object */;
}
